
Microsoft Visual Studio Solution File, Format Version 12.00
# Visual Studio Version 17
VisualStudioVersion = 17.10.35013.160
MinimumVisualStudioVersion = 10.0.40219.1
Project("{FAE04EC0-301F-11D3-BF4B-00C04F79EFBC}") = "CrossyRoad", "CrossyRoad\CrossyRoad.csproj", "{1ED6DCAB-6409-4186-8FB0-E6555D5DC0B3}"
EndProject
Global
	GlobalSection(SolutionConfigurationPlatforms) = preSolution
		Debug|Any CPU = Debug|Any CPU
		Release|Any CPU = Release|Any CPU
	EndGlobalSection
	GlobalSection(ProjectConfigurationPlatforms) = postSolution
		{1ED6DCAB-6409-4186-8FB0-E6555D5DC0B3}.Debug|Any CPU.ActiveCfg = Debug|Any CPU
		{1ED6DCAB-6409-4186-8FB0-E6555D5DC0B3}.Debug|Any CPU.Build.0 = Debug|Any CPU
		{1ED6DCAB-6409-4186-8FB0-E6555D5DC0B3}.Release|Any CPU.ActiveCfg = Release|Any CPU
		{1ED6DCAB-6409-4186-8FB0-E6555D5DC0B3}.Release|Any CPU.Build.0 = Release|Any CPU
	EndGlobalSection
	GlobalSection(SolutionProperties) = preSolution
		HideSolutionNode = FALSE
	EndGlobalSection
	GlobalSection(ExtensibilityGlobals) = postSolution
		SolutionGuid = {1158B47D-17FA-48F9-BE75-FE2801AB7AB6}
	EndGlobalSection
EndGlobal
